// !$*UTF8*$!
{
	archiveVersion = 1;
	classes = {
	};
	objectVersion = 48;
	objects = {

/* Begin PBXBuildFile section */
		6C3EDCA72114069B002DC635 /* NSBundle+TZImagePicker.m in Sources */ = {isa = PBXBuildFile; fileRef = 6C3EDC7A2114069A002DC635 /* NSBundle+TZImagePicker.m */; };
		6C3EDCA82114069B002DC635 /* TZAssetCell.m in Sources */ = {isa = PBXBuildFile; fileRef = 6C3EDC7C2114069A002DC635 /* TZAssetCell.m */; };
		6C3EDCA92114069B002DC635 /* TZAssetModel.m in Sources */ = {isa = PBXBuildFile; fileRef = 6C3EDC7E2114069A002DC635 /* TZAssetModel.m */; };
		6C3EDCAA2114069B002DC635 /* TZGifPhotoPreviewController.m in Sources */ = {isa = PBXBuildFile; fileRef = 6C3EDC802114069A002DC635 /* TZGifPhotoPreviewController.m */; };
		6C3EDCAB2114069B002DC635 /* TZImageCropManager.m in Sources */ = {isa = PBXBuildFile; fileRef = 6C3EDC822114069A002DC635 /* TZImageCropManager.m */; };
		6C3EDCAC2114069B002DC635 /* TZImageManager.m in Sources */ = {isa = PBXBuildFile; fileRef = 6C3EDC842114069A002DC635 /* TZImageManager.m */; };
		6C3EDCAD2114069B002DC635 /* TZImagePickerController.bundle in Resources */ = {isa = PBXBuildFile; fileRef = 6C3EDC852114069A002DC635 /* TZImagePickerController.bundle */; };
		6C3EDCAE2114069B002DC635 /* TZImagePickerController.m in Sources */ = {isa = PBXBuildFile; fileRef = 6C3EDC872114069A002DC635 /* TZImagePickerController.m */; };
		6C3EDCAF2114069B002DC635 /* TZLocationManager.m in Sources */ = {isa = PBXBuildFile; fileRef = 6C3EDC892114069A002DC635 /* TZLocationManager.m */; };
		6C3EDCB02114069B002DC635 /* TZPhotoPickerController.m in Sources */ = {isa = PBXBuildFile; fileRef = 6C3EDC8B2114069A002DC635 /* TZPhotoPickerController.m */; };
		6C3EDCB12114069B002DC635 /* TZPhotoPreviewCell.m in Sources */ = {isa = PBXBuildFile; fileRef = 6C3EDC8D2114069A002DC635 /* TZPhotoPreviewCell.m */; };
		6C3EDCB22114069B002DC635 /* TZPhotoPreviewController.m in Sources */ = {isa = PBXBuildFile; fileRef = 6C3EDC8F2114069A002DC635 /* TZPhotoPreviewController.m */; };
		6C3EDCB32114069B002DC635 /* TZProgressView.m in Sources */ = {isa = PBXBuildFile; fileRef = 6C3EDC912114069A002DC635 /* TZProgressView.m */; };
		6C3EDCB42114069B002DC635 /* TZVideoPlayerController.m in Sources */ = {isa = PBXBuildFile; fileRef = 6C3EDC932114069A002DC635 /* TZVideoPlayerController.m */; };
		6C3EDCB52114069B002DC635 /* UIView+Layout.m in Sources */ = {isa = PBXBuildFile; fileRef = 6C3EDC952114069B002DC635 /* UIView+Layout.m */; };
		6C3EDCB62114069B002DC635 /* AMLoginScene.m in Sources */ = {isa = PBXBuildFile; fileRef = 6C3EDC992114069B002DC635 /* AMLoginScene.m */; };
		6C3EDCB72114069B002DC635 /* AMFMDB.m in Sources */ = {isa = PBXBuildFile; fileRef = 6C3EDC9C2114069B002DC635 /* AMFMDB.m */; };
		6C3EDCB82114069B002DC635 /* AMSelectImageScene.m in Sources */ = {isa = PBXBuildFile; fileRef = 6C3EDC9F2114069B002DC635 /* AMSelectImageScene.m */; };
		6C3EDCB92114069B002DC635 /* AMWaterFallCell.m in Sources */ = {isa = PBXBuildFile; fileRef = 6C3EDCA22114069B002DC635 /* AMWaterFallCell.m */; };
		6C3EDCBA2114069B002DC635 /* AMWaterFallScene.m in Sources */ = {isa = PBXBuildFile; fileRef = 6C3EDCA42114069B002DC635 /* AMWaterFallScene.m */; };
		6C3EDCBB2114069B002DC635 /* AMWaterFlowLayout.m in Sources */ = {isa = PBXBuildFile; fileRef = 6C3EDCA62114069B002DC635 /* AMWaterFlowLayout.m */; };
		6C3EDCBF2114506E002DC635 /* AMPlayerListScene.m in Sources */ = {isa = PBXBuildFile; fileRef = 6C3EDCBE2114506E002DC635 /* AMPlayerListScene.m */; };
		6C3EDCC2211461CD002DC635 /* AMPlayerCell.m in Sources */ = {isa = PBXBuildFile; fileRef = 6C3EDCC1211461CD002DC635 /* AMPlayerCell.m */; };
		6C3EDCCA21181EA0002DC635 /* AMBlurView.m in Sources */ = {isa = PBXBuildFile; fileRef = 6C3EDCC921181E9F002DC635 /* AMBlurView.m */; };
		6C3EDCCE211841B1002DC635 /* UIImageView+AMImageView.m in Sources */ = {isa = PBXBuildFile; fileRef = 6C3EDCCD211841B1002DC635 /* UIImageView+AMImageView.m */; };
		6C3EDCD421184A3F002DC635 /* AMVideoModel.m in Sources */ = {isa = PBXBuildFile; fileRef = 6C3EDCD321184A3F002DC635 /* AMVideoModel.m */; };
		6C76C8A0211C449500395ADC /* AMCreateFile.m in Sources */ = {isa = PBXBuildFile; fileRef = 6C76C89E211C449500395ADC /* AMCreateFile.m */; };
		7E93D2AEDCFE590B052ED55D /* libPods-AMDaliy.a in Frameworks */ = {isa = PBXBuildFile; fileRef = C148C6E3686C676879327F1A /* libPods-AMDaliy.a */; };
		BA2A8D9B21A65FD700DD822F /* AMHttpScene.m in Sources */ = {isa = PBXBuildFile; fileRef = BA2A8D9A21A65FD700DD822F /* AMHttpScene.m */; };
		BA2A8DF921A68D3C00DD822F /* AMWebSocket.m in Sources */ = {isa = PBXBuildFile; fileRef = BA2A8DF821A68D3C00DD822F /* AMWebSocket.m */; };
		BA2A8DFE21A69A3C00DD822F /* AMHTTPConnection.m in Sources */ = {isa = PBXBuildFile; fileRef = BA2A8DFD21A69A3C00DD822F /* AMHTTPConnection.m */; };
		BA2A8E0321A69CB700DD822F /* Security.framework in Frameworks */ = {isa = PBXBuildFile; fileRef = BA2A8E0221A69CB700DD822F /* Security.framework */; };
		BA2A8E0521A6A00500DD822F /* Web in Resources */ = {isa = PBXBuildFile; fileRef = BA2A8E0421A6A00400DD822F /* Web */; };
		BA84499521D4C0DD0051FB9B /* AMNameTF.m in Sources */ = {isa = PBXBuildFile; fileRef = BA84499421D4C0DD0051FB9B /* AMNameTF.m */; };
		BA8449B021D62F9D0051FB9B /* btc未点@1x.png in Resources */ = {isa = PBXBuildFile; fileRef = BA8449AF21D62F9D0051FB9B /* btc未点@1x.png */; };
		BA8449B321D632960051FB9B /* AMButton.m in Sources */ = {isa = PBXBuildFile; fileRef = BA8449B221D632960051FB9B /* AMButton.m */; };
		BAB244752043DE1F00C05E75 /* AppDelegate.m in Sources */ = {isa = PBXBuildFile; fileRef = BAB244742043DE1F00C05E75 /* AppDelegate.m */; };
		BAB244782043DE1F00C05E75 /* ViewController.m in Sources */ = {isa = PBXBuildFile; fileRef = BAB244772043DE1F00C05E75 /* ViewController.m */; };
		BAB2447B2043DE1F00C05E75 /* Main.storyboard in Resources */ = {isa = PBXBuildFile; fileRef = BAB244792043DE1F00C05E75 /* Main.storyboard */; };
		BAB2447D2043DE1F00C05E75 /* Assets.xcassets in Resources */ = {isa = PBXBuildFile; fileRef = BAB2447C2043DE1F00C05E75 /* Assets.xcassets */; };
		BAB244802043DE1F00C05E75 /* LaunchScreen.storyboard in Resources */ = {isa = PBXBuildFile; fileRef = BAB2447E2043DE1F00C05E75 /* LaunchScreen.storyboard */; };
		BAB244832043DE1F00C05E75 /* main.m in Sources */ = {isa = PBXBuildFile; fileRef = BAB244822043DE1F00C05E75 /* main.m */; };
		BAC04FA321DE1B89001ED35A /* AMEnableOneScene.m in Sources */ = {isa = PBXBuildFile; fileRef = BAC04FA221DE1B89001ED35A /* AMEnableOneScene.m */; };
		BAC04FA621DE1B99001ED35A /* AMEnableTwoScene.m in Sources */ = {isa = PBXBuildFile; fileRef = BAC04FA521DE1B99001ED35A /* AMEnableTwoScene.m */; };
		BAC04FA921DE1BA9001ED35A /* AMEnableThreeScene.m in Sources */ = {isa = PBXBuildFile; fileRef = BAC04FA821DE1BA9001ED35A /* AMEnableThreeScene.m */; };
		BAE2B82E21AE339500F1B5E6 /* DDData.m in Sources */ = {isa = PBXBuildFile; fileRef = BAE2B7F321AE339500F1B5E6 /* DDData.m */; };
		BAE2B82F21AE339500F1B5E6 /* DDNumber.m in Sources */ = {isa = PBXBuildFile; fileRef = BAE2B7F521AE339500F1B5E6 /* DDNumber.m */; };
		BAE2B83021AE339500F1B5E6 /* DDRange.m in Sources */ = {isa = PBXBuildFile; fileRef = BAE2B7F721AE339500F1B5E6 /* DDRange.m */; };
		BAE2B83121AE339500F1B5E6 /* HTTPAuthenticationRequest.m in Sources */ = {isa = PBXBuildFile; fileRef = BAE2B7F921AE339500F1B5E6 /* HTTPAuthenticationRequest.m */; };
		BAE2B83221AE339500F1B5E6 /* HTTPConnection.m in Sources */ = {isa = PBXBuildFile; fileRef = BAE2B7FB21AE339500F1B5E6 /* HTTPConnection.m */; };
		BAE2B83321AE339500F1B5E6 /* HTTPMessage.m in Sources */ = {isa = PBXBuildFile; fileRef = BAE2B7FE21AE339500F1B5E6 /* HTTPMessage.m */; };
		BAE2B83421AE339500F1B5E6 /* HTTPServer.m in Sources */ = {isa = PBXBuildFile; fileRef = BAE2B80121AE339500F1B5E6 /* HTTPServer.m */; };
		BAE2B83521AE339500F1B5E6 /* MultipartFormDataParser.m in Sources */ = {isa = PBXBuildFile; fileRef = BAE2B80421AE339500F1B5E6 /* MultipartFormDataParser.m */; };
		BAE2B83621AE339500F1B5E6 /* MultipartMessageHeader.m in Sources */ = {isa = PBXBuildFile; fileRef = BAE2B80621AE339500F1B5E6 /* MultipartMessageHeader.m */; };
		BAE2B83721AE339500F1B5E6 /* MultipartMessageHeaderField.m in Sources */ = {isa = PBXBuildFile; fileRef = BAE2B80821AE339500F1B5E6 /* MultipartMessageHeaderField.m */; };
		BAE2B83821AE339500F1B5E6 /* HTTPAsyncFileResponse.m in Sources */ = {isa = PBXBuildFile; fileRef = BAE2B80B21AE339500F1B5E6 /* HTTPAsyncFileResponse.m */; };
		BAE2B83921AE339500F1B5E6 /* HTTPDataResponse.m in Sources */ = {isa = PBXBuildFile; fileRef = BAE2B80D21AE339500F1B5E6 /* HTTPDataResponse.m */; };
		BAE2B83A21AE339500F1B5E6 /* HTTPDynamicFileResponse.m in Sources */ = {isa = PBXBuildFile; fileRef = BAE2B80F21AE339500F1B5E6 /* HTTPDynamicFileResponse.m */; };
		BAE2B83B21AE339500F1B5E6 /* HTTPErrorResponse.m in Sources */ = {isa = PBXBuildFile; fileRef = BAE2B81121AE339500F1B5E6 /* HTTPErrorResponse.m */; };
		BAE2B83C21AE339500F1B5E6 /* HTTPFileResponse.m in Sources */ = {isa = PBXBuildFile; fileRef = BAE2B81321AE339500F1B5E6 /* HTTPFileResponse.m */; };
		BAE2B83D21AE339500F1B5E6 /* HTTPRedirectResponse.m in Sources */ = {isa = PBXBuildFile; fileRef = BAE2B81521AE339500F1B5E6 /* HTTPRedirectResponse.m */; };
		BAE2B83E21AE339500F1B5E6 /* About.txt in Resources */ = {isa = PBXBuildFile; fileRef = BAE2B81821AE339500F1B5E6 /* About.txt */; };
		BAE2B83F21AE339500F1B5E6 /* GCDAsyncSocket.m in Sources */ = {isa = PBXBuildFile; fileRef = BAE2B81A21AE339500F1B5E6 /* GCDAsyncSocket.m */; };
		BAE2B84021AE339500F1B5E6 /* DDAbstractDatabaseLogger.m in Sources */ = {isa = PBXBuildFile; fileRef = BAE2B81D21AE339500F1B5E6 /* DDAbstractDatabaseLogger.m */; };
		BAE2B84121AE339500F1B5E6 /* DDASLLogger.m in Sources */ = {isa = PBXBuildFile; fileRef = BAE2B81F21AE339500F1B5E6 /* DDASLLogger.m */; };
		BAE2B84221AE339500F1B5E6 /* DDFileLogger.m in Sources */ = {isa = PBXBuildFile; fileRef = BAE2B82121AE339500F1B5E6 /* DDFileLogger.m */; };
		BAE2B84321AE339500F1B5E6 /* DDLog.m in Sources */ = {isa = PBXBuildFile; fileRef = BAE2B82321AE339500F1B5E6 /* DDLog.m */; };
		BAE2B84421AE339500F1B5E6 /* DDTTYLogger.m in Sources */ = {isa = PBXBuildFile; fileRef = BAE2B82521AE339500F1B5E6 /* DDTTYLogger.m */; };
		BAE2B84521AE339500F1B5E6 /* ContextFilterLogFormatter.m in Sources */ = {isa = PBXBuildFile; fileRef = BAE2B82821AE339500F1B5E6 /* ContextFilterLogFormatter.m */; };
		BAE2B84621AE339500F1B5E6 /* DispatchQueueLogFormatter.m in Sources */ = {isa = PBXBuildFile; fileRef = BAE2B82A21AE339500F1B5E6 /* DispatchQueueLogFormatter.m */; };
		BAE2B84721AE339500F1B5E6 /* README.txt in Resources */ = {isa = PBXBuildFile; fileRef = BAE2B82B21AE339500F1B5E6 /* README.txt */; };
		BAE2B84821AE339500F1B5E6 /* WebSocket.m in Sources */ = {isa = PBXBuildFile; fileRef = BAE2B82D21AE339500F1B5E6 /* WebSocket.m */; };
/* End PBXBuildFile section */

/* Begin PBXCopyFilesBuildPhase section */
		BA8449A721D4D6990051FB9B /* Embed App Extensions */ = {
			isa = PBXCopyFilesBuildPhase;
			buildActionMask = 2147483647;
			dstPath = "";
			dstSubfolderSpec = 13;
			files = (
			);
			name = "Embed App Extensions";
			runOnlyForDeploymentPostprocessing = 0;
		};
/* End PBXCopyFilesBuildPhase section */

/* Begin PBXFileReference section */
		6C3EDC792114069A002DC635 /* NSBundle+TZImagePicker.h */ = {isa = PBXFileReference; fileEncoding = 4; lastKnownFileType = sourcecode.c.h; path = "NSBundle+TZImagePicker.h"; sourceTree = "<group>"; };
		6C3EDC7A2114069A002DC635 /* NSBundle+TZImagePicker.m */ = {isa = PBXFileReference; fileEncoding = 4; lastKnownFileType = sourcecode.c.objc; path = "NSBundle+TZImagePicker.m"; sourceTree = "<group>"; };
		6C3EDC7B2114069A002DC635 /* TZAssetCell.h */ = {isa = PBXFileReference; fileEncoding = 4; lastKnownFileType = sourcecode.c.h; path = TZAssetCell.h; sourceTree = "<group>"; };
		6C3EDC7C2114069A002DC635 /* TZAssetCell.m */ = {isa = PBXFileReference; fileEncoding = 4; lastKnownFileType = sourcecode.c.objc; path = TZAssetCell.m; sourceTree = "<group>"; };
		6C3EDC7D2114069A002DC635 /* TZAssetModel.h */ = {isa = PBXFileReference; fileEncoding = 4; lastKnownFileType = sourcecode.c.h; path = TZAssetModel.h; sourceTree = "<group>"; };
		6C3EDC7E2114069A002DC635 /* TZAssetModel.m */ = {isa = PBXFileReference; fileEncoding = 4; lastKnownFileType = sourcecode.c.objc; path = TZAssetModel.m; sourceTree = "<group>"; };
		6C3EDC7F2114069A002DC635 /* TZGifPhotoPreviewController.h */ = {isa = PBXFileReference; fileEncoding = 4; lastKnownFileType = sourcecode.c.h; path = TZGifPhotoPreviewController.h; sourceTree = "<group>"; };
		6C3EDC802114069A002DC635 /* TZGifPhotoPreviewController.m */ = {isa = PBXFileReference; fileEncoding = 4; lastKnownFileType = sourcecode.c.objc; path = TZGifPhotoPreviewController.m; sourceTree = "<group>"; };
		6C3EDC812114069A002DC635 /* TZImageCropManager.h */ = {isa = PBXFileReference; fileEncoding = 4; lastKnownFileType = sourcecode.c.h; path = TZImageCropManager.h; sourceTree = "<group>"; };
		6C3EDC822114069A002DC635 /* TZImageCropManager.m */ = {isa = PBXFileReference; fileEncoding = 4; lastKnownFileType = sourcecode.c.objc; path = TZImageCropManager.m; sourceTree = "<group>"; };
		6C3EDC832114069A002DC635 /* TZImageManager.h */ = {isa = PBXFileReference; fileEncoding = 4; lastKnownFileType = sourcecode.c.h; path = TZImageManager.h; sourceTree = "<group>"; };
		6C3EDC842114069A002DC635 /* TZImageManager.m */ = {isa = PBXFileReference; fileEncoding = 4; lastKnownFileType = sourcecode.c.objc; path = TZImageManager.m; sourceTree = "<group>"; };
		6C3EDC852114069A002DC635 /* TZImagePickerController.bundle */ = {isa = PBXFileReference; lastKnownFileType = "wrapper.plug-in"; path = TZImagePickerController.bundle; sourceTree = "<group>"; };
		6C3EDC862114069A002DC635 /* TZImagePickerController.h */ = {isa = PBXFileReference; fileEncoding = 4; lastKnownFileType = sourcecode.c.h; path = TZImagePickerController.h; sourceTree = "<group>"; };
		6C3EDC872114069A002DC635 /* TZImagePickerController.m */ = {isa = PBXFileReference; fileEncoding = 4; lastKnownFileType = sourcecode.c.objc; path = TZImagePickerController.m; sourceTree = "<group>"; };
		6C3EDC882114069A002DC635 /* TZLocationManager.h */ = {isa = PBXFileReference; fileEncoding = 4; lastKnownFileType = sourcecode.c.h; path = TZLocationManager.h; sourceTree = "<group>"; };
		6C3EDC892114069A002DC635 /* TZLocationManager.m */ = {isa = PBXFileReference; fileEncoding = 4; lastKnownFileType = sourcecode.c.objc; path = TZLocationManager.m; sourceTree = "<group>"; };
		6C3EDC8A2114069A002DC635 /* TZPhotoPickerController.h */ = {isa = PBXFileReference; fileEncoding = 4; lastKnownFileType = sourcecode.c.h; path = TZPhotoPickerController.h; sourceTree = "<group>"; };
		6C3EDC8B2114069A002DC635 /* TZPhotoPickerController.m */ = {isa = PBXFileReference; fileEncoding = 4; lastKnownFileType = sourcecode.c.objc; path = TZPhotoPickerController.m; sourceTree = "<group>"; };
		6C3EDC8C2114069A002DC635 /* TZPhotoPreviewCell.h */ = {isa = PBXFileReference; fileEncoding = 4; lastKnownFileType = sourcecode.c.h; path = TZPhotoPreviewCell.h; sourceTree = "<group>"; };
		6C3EDC8D2114069A002DC635 /* TZPhotoPreviewCell.m */ = {isa = PBXFileReference; fileEncoding = 4; lastKnownFileType = sourcecode.c.objc; path = TZPhotoPreviewCell.m; sourceTree = "<group>"; };
		6C3EDC8E2114069A002DC635 /* TZPhotoPreviewController.h */ = {isa = PBXFileReference; fileEncoding = 4; lastKnownFileType = sourcecode.c.h; path = TZPhotoPreviewController.h; sourceTree = "<group>"; };
		6C3EDC8F2114069A002DC635 /* TZPhotoPreviewController.m */ = {isa = PBXFileReference; fileEncoding = 4; lastKnownFileType = sourcecode.c.objc; path = TZPhotoPreviewController.m; sourceTree = "<group>"; };
		6C3EDC902114069A002DC635 /* TZProgressView.h */ = {isa = PBXFileReference; fileEncoding = 4; lastKnownFileType = sourcecode.c.h; path = TZProgressView.h; sourceTree = "<group>"; };
		6C3EDC912114069A002DC635 /* TZProgressView.m */ = {isa = PBXFileReference; fileEncoding = 4; lastKnownFileType = sourcecode.c.objc; path = TZProgressView.m; sourceTree = "<group>"; };
		6C3EDC922114069A002DC635 /* TZVideoPlayerController.h */ = {isa = PBXFileReference; fileEncoding = 4; lastKnownFileType = sourcecode.c.h; path = TZVideoPlayerController.h; sourceTree = "<group>"; };
		6C3EDC932114069A002DC635 /* TZVideoPlayerController.m */ = {isa = PBXFileReference; fileEncoding = 4; lastKnownFileType = sourcecode.c.objc; path = TZVideoPlayerController.m; sourceTree = "<group>"; };
		6C3EDC942114069B002DC635 /* UIView+Layout.h */ = {isa = PBXFileReference; fileEncoding = 4; lastKnownFileType = sourcecode.c.h; path = "UIView+Layout.h"; sourceTree = "<group>"; };
		6C3EDC952114069B002DC635 /* UIView+Layout.m */ = {isa = PBXFileReference; fileEncoding = 4; lastKnownFileType = sourcecode.c.objc; path = "UIView+Layout.m"; sourceTree = "<group>"; };
		6C3EDC982114069B002DC635 /* AMLoginScene.h */ = {isa = PBXFileReference; fileEncoding = 4; lastKnownFileType = sourcecode.c.h; path = AMLoginScene.h; sourceTree = "<group>"; };
		6C3EDC992114069B002DC635 /* AMLoginScene.m */ = {isa = PBXFileReference; fileEncoding = 4; lastKnownFileType = sourcecode.c.objc; path = AMLoginScene.m; sourceTree = "<group>"; };
		6C3EDC9B2114069B002DC635 /* AMFMDB.h */ = {isa = PBXFileReference; fileEncoding = 4; lastKnownFileType = sourcecode.c.h; path = AMFMDB.h; sourceTree = "<group>"; };
		6C3EDC9C2114069B002DC635 /* AMFMDB.m */ = {isa = PBXFileReference; fileEncoding = 4; lastKnownFileType = sourcecode.c.objc; path = AMFMDB.m; sourceTree = "<group>"; };
		6C3EDC9E2114069B002DC635 /* AMSelectImageScene.h */ = {isa = PBXFileReference; fileEncoding = 4; lastKnownFileType = sourcecode.c.h; path = AMSelectImageScene.h; sourceTree = "<group>"; };
		6C3EDC9F2114069B002DC635 /* AMSelectImageScene.m */ = {isa = PBXFileReference; fileEncoding = 4; lastKnownFileType = sourcecode.c.objc; path = AMSelectImageScene.m; sourceTree = "<group>"; };
		6C3EDCA12114069B002DC635 /* AMWaterFallCell.h */ = {isa = PBXFileReference; fileEncoding = 4; lastKnownFileType = sourcecode.c.h; path = AMWaterFallCell.h; sourceTree = "<group>"; };
		6C3EDCA22114069B002DC635 /* AMWaterFallCell.m */ = {isa = PBXFileReference; fileEncoding = 4; lastKnownFileType = sourcecode.c.objc; path = AMWaterFallCell.m; sourceTree = "<group>"; };
		6C3EDCA32114069B002DC635 /* AMWaterFallScene.h */ = {isa = PBXFileReference; fileEncoding = 4; lastKnownFileType = sourcecode.c.h; path = AMWaterFallScene.h; sourceTree = "<group>"; };
		6C3EDCA42114069B002DC635 /* AMWaterFallScene.m */ = {isa = PBXFileReference; fileEncoding = 4; lastKnownFileType = sourcecode.c.objc; path = AMWaterFallScene.m; sourceTree = "<group>"; };
		6C3EDCA52114069B002DC635 /* AMWaterFlowLayout.h */ = {isa = PBXFileReference; fileEncoding = 4; lastKnownFileType = sourcecode.c.h; path = AMWaterFlowLayout.h; sourceTree = "<group>"; };
		6C3EDCA62114069B002DC635 /* AMWaterFlowLayout.m */ = {isa = PBXFileReference; fileEncoding = 4; lastKnownFileType = sourcecode.c.objc; path = AMWaterFlowLayout.m; sourceTree = "<group>"; };
		6C3EDCBD2114506E002DC635 /* AMPlayerListScene.h */ = {isa = PBXFileReference; lastKnownFileType = sourcecode.c.h; path = AMPlayerListScene.h; sourceTree = "<group>"; };
		6C3EDCBE2114506E002DC635 /* AMPlayerListScene.m */ = {isa = PBXFileReference; lastKnownFileType = sourcecode.c.objc; path = AMPlayerListScene.m; sourceTree = "<group>"; };
		6C3EDCC0211461CD002DC635 /* AMPlayerCell.h */ = {isa = PBXFileReference; lastKnownFileType = sourcecode.c.h; path = AMPlayerCell.h; sourceTree = "<group>"; };
		6C3EDCC1211461CD002DC635 /* AMPlayerCell.m */ = {isa = PBXFileReference; lastKnownFileType = sourcecode.c.objc; path = AMPlayerCell.m; sourceTree = "<group>"; };
		6C3EDCC821181E9F002DC635 /* AMBlurView.h */ = {isa = PBXFileReference; fileEncoding = 4; lastKnownFileType = sourcecode.c.h; path = AMBlurView.h; sourceTree = "<group>"; };
		6C3EDCC921181E9F002DC635 /* AMBlurView.m */ = {isa = PBXFileReference; fileEncoding = 4; lastKnownFileType = sourcecode.c.objc; path = AMBlurView.m; sourceTree = "<group>"; };
		6C3EDCCC211841B1002DC635 /* UIImageView+AMImageView.h */ = {isa = PBXFileReference; lastKnownFileType = sourcecode.c.h; path = "UIImageView+AMImageView.h"; sourceTree = "<group>"; };
		6C3EDCCD211841B1002DC635 /* UIImageView+AMImageView.m */ = {isa = PBXFileReference; lastKnownFileType = sourcecode.c.objc; path = "UIImageView+AMImageView.m"; sourceTree = "<group>"; };
		6C3EDCD221184A3F002DC635 /* AMVideoModel.h */ = {isa = PBXFileReference; lastKnownFileType = sourcecode.c.h; path = AMVideoModel.h; sourceTree = "<group>"; };
		6C3EDCD321184A3F002DC635 /* AMVideoModel.m */ = {isa = PBXFileReference; lastKnownFileType = sourcecode.c.objc; path = AMVideoModel.m; sourceTree = "<group>"; };
		6C76C89E211C449500395ADC /* AMCreateFile.m */ = {isa = PBXFileReference; fileEncoding = 4; lastKnownFileType = sourcecode.c.objc; path = AMCreateFile.m; sourceTree = "<group>"; };
		6C76C89F211C449500395ADC /* AMCreateFile.h */ = {isa = PBXFileReference; fileEncoding = 4; lastKnownFileType = sourcecode.c.h; path = AMCreateFile.h; sourceTree = "<group>"; };
		6C76C8A1211C44A100395ADC /* AMHeader.pch */ = {isa = PBXFileReference; lastKnownFileType = sourcecode.c.h; path = AMHeader.pch; sourceTree = "<group>"; };
		BA2A8D9921A65FD700DD822F /* AMHttpScene.h */ = {isa = PBXFileReference; lastKnownFileType = sourcecode.c.h; path = AMHttpScene.h; sourceTree = "<group>"; };
		BA2A8D9A21A65FD700DD822F /* AMHttpScene.m */ = {isa = PBXFileReference; lastKnownFileType = sourcecode.c.objc; path = AMHttpScene.m; sourceTree = "<group>"; };
		BA2A8DF721A68D3C00DD822F /* AMWebSocket.h */ = {isa = PBXFileReference; lastKnownFileType = sourcecode.c.h; path = AMWebSocket.h; sourceTree = "<group>"; };
		BA2A8DF821A68D3C00DD822F /* AMWebSocket.m */ = {isa = PBXFileReference; lastKnownFileType = sourcecode.c.objc; path = AMWebSocket.m; sourceTree = "<group>"; };
		BA2A8DFC21A69A3C00DD822F /* AMHTTPConnection.h */ = {isa = PBXFileReference; lastKnownFileType = sourcecode.c.h; path = AMHTTPConnection.h; sourceTree = "<group>"; };
		BA2A8DFD21A69A3C00DD822F /* AMHTTPConnection.m */ = {isa = PBXFileReference; lastKnownFileType = sourcecode.c.objc; path = AMHTTPConnection.m; sourceTree = "<group>"; };
		BA2A8E0221A69CB700DD822F /* Security.framework */ = {isa = PBXFileReference; lastKnownFileType = wrapper.framework; name = Security.framework; path = System/Library/Frameworks/Security.framework; sourceTree = SDKROOT; };
		BA2A8E0421A6A00400DD822F /* Web */ = {isa = PBXFileReference; lastKnownFileType = folder; path = Web; sourceTree = "<group>"; };
		BA84499321D4C0DD0051FB9B /* AMNameTF.h */ = {isa = PBXFileReference; lastKnownFileType = sourcecode.c.h; path = AMNameTF.h; sourceTree = "<group>"; };
		BA84499421D4C0DD0051FB9B /* AMNameTF.m */ = {isa = PBXFileReference; lastKnownFileType = sourcecode.c.objc; path = AMNameTF.m; sourceTree = "<group>"; };
		BA8449AF21D62F9D0051FB9B /* btc未点@1x.png */ = {isa = PBXFileReference; lastKnownFileType = image.png; path = "btc未点@1x.png"; sourceTree = "<group>"; };
		BA8449B121D632960051FB9B /* AMButton.h */ = {isa = PBXFileReference; lastKnownFileType = sourcecode.c.h; path = AMButton.h; sourceTree = "<group>"; };
		BA8449B221D632960051FB9B /* AMButton.m */ = {isa = PBXFileReference; lastKnownFileType = sourcecode.c.objc; path = AMButton.m; sourceTree = "<group>"; };
		BAB244702043DE1F00C05E75 /* AMDaliy.app */ = {isa = PBXFileReference; explicitFileType = wrapper.application; includeInIndex = 0; path = AMDaliy.app; sourceTree = BUILT_PRODUCTS_DIR; };
		BAB244732043DE1F00C05E75 /* AppDelegate.h */ = {isa = PBXFileReference; lastKnownFileType = sourcecode.c.h; path = AppDelegate.h; sourceTree = "<group>"; };
		BAB244742043DE1F00C05E75 /* AppDelegate.m */ = {isa = PBXFileReference; lastKnownFileType = sourcecode.c.objc; path = AppDelegate.m; sourceTree = "<group>"; };
		BAB244762043DE1F00C05E75 /* ViewController.h */ = {isa = PBXFileReference; lastKnownFileType = sourcecode.c.h; path = ViewController.h; sourceTree = "<group>"; };
		BAB244772043DE1F00C05E75 /* ViewController.m */ = {isa = PBXFileReference; lastKnownFileType = sourcecode.c.objc; path = ViewController.m; sourceTree = "<group>"; };
		BAB2447A2043DE1F00C05E75 /* Base */ = {isa = PBXFileReference; lastKnownFileType = file.storyboard; name = Base; path = Base.lproj/Main.storyboard; sourceTree = "<group>"; };
		BAB2447C2043DE1F00C05E75 /* Assets.xcassets */ = {isa = PBXFileReference; lastKnownFileType = folder.assetcatalog; path = Assets.xcassets; sourceTree = "<group>"; };
		BAB2447F2043DE1F00C05E75 /* Base */ = {isa = PBXFileReference; lastKnownFileType = file.storyboard; name = Base; path = Base.lproj/LaunchScreen.storyboard; sourceTree = "<group>"; };
		BAB244812043DE1F00C05E75 /* Info.plist */ = {isa = PBXFileReference; lastKnownFileType = text.plist.xml; path = Info.plist; sourceTree = "<group>"; };
		BAB244822043DE1F00C05E75 /* main.m */ = {isa = PBXFileReference; lastKnownFileType = sourcecode.c.objc; path = main.m; sourceTree = "<group>"; };
		BAC04FA121DE1B89001ED35A /* AMEnableOneScene.h */ = {isa = PBXFileReference; lastKnownFileType = sourcecode.c.h; path = AMEnableOneScene.h; sourceTree = "<group>"; };
		BAC04FA221DE1B89001ED35A /* AMEnableOneScene.m */ = {isa = PBXFileReference; lastKnownFileType = sourcecode.c.objc; path = AMEnableOneScene.m; sourceTree = "<group>"; };
		BAC04FA421DE1B99001ED35A /* AMEnableTwoScene.h */ = {isa = PBXFileReference; lastKnownFileType = sourcecode.c.h; path = AMEnableTwoScene.h; sourceTree = "<group>"; };
		BAC04FA521DE1B99001ED35A /* AMEnableTwoScene.m */ = {isa = PBXFileReference; lastKnownFileType = sourcecode.c.objc; path = AMEnableTwoScene.m; sourceTree = "<group>"; };
		BAC04FA721DE1BA9001ED35A /* AMEnableThreeScene.h */ = {isa = PBXFileReference; lastKnownFileType = sourcecode.c.h; path = AMEnableThreeScene.h; sourceTree = "<group>"; };
		BAC04FA821DE1BA9001ED35A /* AMEnableThreeScene.m */ = {isa = PBXFileReference; lastKnownFileType = sourcecode.c.objc; path = AMEnableThreeScene.m; sourceTree = "<group>"; };
		BAE2B7F221AE339500F1B5E6 /* DDData.h */ = {isa = PBXFileReference; fileEncoding = 4; lastKnownFileType = sourcecode.c.h; path = DDData.h; sourceTree = "<group>"; };
		BAE2B7F321AE339500F1B5E6 /* DDData.m */ = {isa = PBXFileReference; fileEncoding = 4; lastKnownFileType = sourcecode.c.objc; path = DDData.m; sourceTree = "<group>"; };
		BAE2B7F421AE339500F1B5E6 /* DDNumber.h */ = {isa = PBXFileReference; fileEncoding = 4; lastKnownFileType = sourcecode.c.h; path = DDNumber.h; sourceTree = "<group>"; };
		BAE2B7F521AE339500F1B5E6 /* DDNumber.m */ = {isa = PBXFileReference; fileEncoding = 4; lastKnownFileType = sourcecode.c.objc; path = DDNumber.m; sourceTree = "<group>"; };
		BAE2B7F621AE339500F1B5E6 /* DDRange.h */ = {isa = PBXFileReference; fileEncoding = 4; lastKnownFileType = sourcecode.c.h; path = DDRange.h; sourceTree = "<group>"; };
		BAE2B7F721AE339500F1B5E6 /* DDRange.m */ = {isa = PBXFileReference; fileEncoding = 4; lastKnownFileType = sourcecode.c.objc; path = DDRange.m; sourceTree = "<group>"; };
		BAE2B7F821AE339500F1B5E6 /* HTTPAuthenticationRequest.h */ = {isa = PBXFileReference; fileEncoding = 4; lastKnownFileType = sourcecode.c.h; path = HTTPAuthenticationRequest.h; sourceTree = "<group>"; };
		BAE2B7F921AE339500F1B5E6 /* HTTPAuthenticationRequest.m */ = {isa = PBXFileReference; fileEncoding = 4; lastKnownFileType = sourcecode.c.objc; path = HTTPAuthenticationRequest.m; sourceTree = "<group>"; };
		BAE2B7FA21AE339500F1B5E6 /* HTTPConnection.h */ = {isa = PBXFileReference; fileEncoding = 4; lastKnownFileType = sourcecode.c.h; path = HTTPConnection.h; sourceTree = "<group>"; };
		BAE2B7FB21AE339500F1B5E6 /* HTTPConnection.m */ = {isa = PBXFileReference; fileEncoding = 4; lastKnownFileType = sourcecode.c.objc; path = HTTPConnection.m; sourceTree = "<group>"; };
		BAE2B7FC21AE339500F1B5E6 /* HTTPLogging.h */ = {isa = PBXFileReference; fileEncoding = 4; lastKnownFileType = sourcecode.c.h; path = HTTPLogging.h; sourceTree = "<group>"; };
		BAE2B7FD21AE339500F1B5E6 /* HTTPMessage.h */ = {isa = PBXFileReference; fileEncoding = 4; lastKnownFileType = sourcecode.c.h; path = HTTPMessage.h; sourceTree = "<group>"; };
		BAE2B7FE21AE339500F1B5E6 /* HTTPMessage.m */ = {isa = PBXFileReference; fileEncoding = 4; lastKnownFileType = sourcecode.c.objc; path = HTTPMessage.m; sourceTree = "<group>"; };
		BAE2B7FF21AE339500F1B5E6 /* HTTPResponse.h */ = {isa = PBXFileReference; fileEncoding = 4; lastKnownFileType = sourcecode.c.h; path = HTTPResponse.h; sourceTree = "<group>"; };
		BAE2B80021AE339500F1B5E6 /* HTTPServer.h */ = {isa = PBXFileReference; fileEncoding = 4; lastKnownFileType = sourcecode.c.h; path = HTTPServer.h; sourceTree = "<group>"; };
		BAE2B80121AE339500F1B5E6 /* HTTPServer.m */ = {isa = PBXFileReference; fileEncoding = 4; lastKnownFileType = sourcecode.c.objc; path = HTTPServer.m; sourceTree = "<group>"; };
		BAE2B80321AE339500F1B5E6 /* MultipartFormDataParser.h */ = {isa = PBXFileReference; fileEncoding = 4; lastKnownFileType = sourcecode.c.h; path = MultipartFormDataParser.h; sourceTree = "<group>"; };
		BAE2B80421AE339500F1B5E6 /* MultipartFormDataParser.m */ = {isa = PBXFileReference; fileEncoding = 4; lastKnownFileType = sourcecode.c.objc; path = MultipartFormDataParser.m; sourceTree = "<group>"; };
		BAE2B80521AE339500F1B5E6 /* MultipartMessageHeader.h */ = {isa = PBXFileReference; fileEncoding = 4; lastKnownFileType = sourcecode.c.h; path = MultipartMessageHeader.h; sourceTree = "<group>"; };
		BAE2B80621AE339500F1B5E6 /* MultipartMessageHeader.m */ = {isa = PBXFileReference; fileEncoding = 4; lastKnownFileType = sourcecode.c.objc; path = MultipartMessageHeader.m; sourceTree = "<group>"; };
		BAE2B80721AE339500F1B5E6 /* MultipartMessageHeaderField.h */ = {isa = PBXFileReference; fileEncoding = 4; lastKnownFileType = sourcecode.c.h; path = MultipartMessageHeaderField.h; sourceTree = "<group>"; };
		BAE2B80821AE339500F1B5E6 /* MultipartMessageHeaderField.m */ = {isa = PBXFileReference; fileEncoding = 4; lastKnownFileType = sourcecode.c.objc; path = MultipartMessageHeaderField.m; sourceTree = "<group>"; };
		BAE2B80A21AE339500F1B5E6 /* HTTPAsyncFileResponse.h */ = {isa = PBXFileReference; fileEncoding = 4; lastKnownFileType = sourcecode.c.h; path = HTTPAsyncFileResponse.h; sourceTree = "<group>"; };
		BAE2B80B21AE339500F1B5E6 /* HTTPAsyncFileResponse.m */ = {isa = PBXFileReference; fileEncoding = 4; lastKnownFileType = sourcecode.c.objc; path = HTTPAsyncFileResponse.m; sourceTree = "<group>"; };
		BAE2B80C21AE339500F1B5E6 /* HTTPDataResponse.h */ = {isa = PBXFileReference; fileEncoding = 4; lastKnownFileType = sourcecode.c.h; path = HTTPDataResponse.h; sourceTree = "<group>"; };
		BAE2B80D21AE339500F1B5E6 /* HTTPDataResponse.m */ = {isa = PBXFileReference; fileEncoding = 4; lastKnownFileType = sourcecode.c.objc; path = HTTPDataResponse.m; sourceTree = "<group>"; };
		BAE2B80E21AE339500F1B5E6 /* HTTPDynamicFileResponse.h */ = {isa = PBXFileReference; fileEncoding = 4; lastKnownFileType = sourcecode.c.h; path = HTTPDynamicFileResponse.h; sourceTree = "<group>"; };
		BAE2B80F21AE339500F1B5E6 /* HTTPDynamicFileResponse.m */ = {isa = PBXFileReference; fileEncoding = 4; lastKnownFileType = sourcecode.c.objc; path = HTTPDynamicFileResponse.m; sourceTree = "<group>"; };
		BAE2B81021AE339500F1B5E6 /* HTTPErrorResponse.h */ = {isa = PBXFileReference; fileEncoding = 4; lastKnownFileType = sourcecode.c.h; path = HTTPErrorResponse.h; sourceTree = "<group>"; };
		BAE2B81121AE339500F1B5E6 /* HTTPErrorResponse.m */ = {isa = PBXFileReference; fileEncoding = 4; lastKnownFileType = sourcecode.c.objc; path = HTTPErrorResponse.m; sourceTree = "<group>"; };
		BAE2B81221AE339500F1B5E6 /* HTTPFileResponse.h */ = {isa = PBXFileReference; fileEncoding = 4; lastKnownFileType = sourcecode.c.h; path = HTTPFileResponse.h; sourceTree = "<group>"; };
		BAE2B81321AE339500F1B5E6 /* HTTPFileResponse.m */ = {isa = PBXFileReference; fileEncoding = 4; lastKnownFileType = sourcecode.c.objc; path = HTTPFileResponse.m; sourceTree = "<group>"; };
		BAE2B81421AE339500F1B5E6 /* HTTPRedirectResponse.h */ = {isa = PBXFileReference; fileEncoding = 4; lastKnownFileType = sourcecode.c.h; path = HTTPRedirectResponse.h; sourceTree = "<group>"; };
		BAE2B81521AE339500F1B5E6 /* HTTPRedirectResponse.m */ = {isa = PBXFileReference; fileEncoding = 4; lastKnownFileType = sourcecode.c.objc; path = HTTPRedirectResponse.m; sourceTree = "<group>"; };
		BAE2B81821AE339500F1B5E6 /* About.txt */ = {isa = PBXFileReference; fileEncoding = 4; lastKnownFileType = text; path = About.txt; sourceTree = "<group>"; };
		BAE2B81921AE339500F1B5E6 /* GCDAsyncSocket.h */ = {isa = PBXFileReference; fileEncoding = 4; lastKnownFileType = sourcecode.c.h; path = GCDAsyncSocket.h; sourceTree = "<group>"; };
		BAE2B81A21AE339500F1B5E6 /* GCDAsyncSocket.m */ = {isa = PBXFileReference; fileEncoding = 4; lastKnownFileType = sourcecode.c.objc; path = GCDAsyncSocket.m; sourceTree = "<group>"; };
		BAE2B81C21AE339500F1B5E6 /* DDAbstractDatabaseLogger.h */ = {isa = PBXFileReference; fileEncoding = 4; lastKnownFileType = sourcecode.c.h; path = DDAbstractDatabaseLogger.h; sourceTree = "<group>"; };
		BAE2B81D21AE339500F1B5E6 /* DDAbstractDatabaseLogger.m */ = {isa = PBXFileReference; fileEncoding = 4; lastKnownFileType = sourcecode.c.objc; path = DDAbstractDatabaseLogger.m; sourceTree = "<group>"; };
		BAE2B81E21AE339500F1B5E6 /* DDASLLogger.h */ = {isa = PBXFileReference; fileEncoding = 4; lastKnownFileType = sourcecode.c.h; path = DDASLLogger.h; sourceTree = "<group>"; };
		BAE2B81F21AE339500F1B5E6 /* DDASLLogger.m */ = {isa = PBXFileReference; fileEncoding = 4; lastKnownFileType = sourcecode.c.objc; path = DDASLLogger.m; sourceTree = "<group>"; };
		BAE2B82021AE339500F1B5E6 /* DDFileLogger.h */ = {isa = PBXFileReference; fileEncoding = 4; lastKnownFileType = sourcecode.c.h; path = DDFileLogger.h; sourceTree = "<group>"; };
		BAE2B82121AE339500F1B5E6 /* DDFileLogger.m */ = {isa = PBXFileReference; fileEncoding = 4; lastKnownFileType = sourcecode.c.objc; path = DDFileLogger.m; sourceTree = "<group>"; };
		BAE2B82221AE339500F1B5E6 /* DDLog.h */ = {isa = PBXFileReference; fileEncoding = 4; lastKnownFileType = sourcecode.c.h; path = DDLog.h; sourceTree = "<group>"; };
		BAE2B82321AE339500F1B5E6 /* DDLog.m */ = {isa = PBXFileReference; fileEncoding = 4; lastKnownFileType = sourcecode.c.objc; path = DDLog.m; sourceTree = "<group>"; };
		BAE2B82421AE339500F1B5E6 /* DDTTYLogger.h */ = {isa = PBXFileReference; fileEncoding = 4; lastKnownFileType = sourcecode.c.h; path = DDTTYLogger.h; sourceTree = "<group>"; };
		BAE2B82521AE339500F1B5E6 /* DDTTYLogger.m */ = {isa = PBXFileReference; fileEncoding = 4; lastKnownFileType = sourcecode.c.objc; path = DDTTYLogger.m; sourceTree = "<group>"; };
		BAE2B82721AE339500F1B5E6 /* ContextFilterLogFormatter.h */ = {isa = PBXFileReference; fileEncoding = 4; lastKnownFileType = sourcecode.c.h; path = ContextFilterLogFormatter.h; sourceTree = "<group>"; };
		BAE2B82821AE339500F1B5E6 /* ContextFilterLogFormatter.m */ = {isa = PBXFileReference; fileEncoding = 4; lastKnownFileType = sourcecode.c.objc; path = ContextFilterLogFormatter.m; sourceTree = "<group>"; };
		BAE2B82921AE339500F1B5E6 /* DispatchQueueLogFormatter.h */ = {isa = PBXFileReference; fileEncoding = 4; lastKnownFileType = sourcecode.c.h; path = DispatchQueueLogFormatter.h; sourceTree = "<group>"; };
		BAE2B82A21AE339500F1B5E6 /* DispatchQueueLogFormatter.m */ = {isa = PBXFileReference; fileEncoding = 4; lastKnownFileType = sourcecode.c.objc; path = DispatchQueueLogFormatter.m; sourceTree = "<group>"; };
		BAE2B82B21AE339500F1B5E6 /* README.txt */ = {isa = PBXFileReference; fileEncoding = 4; lastKnownFileType = text; path = README.txt; sourceTree = "<group>"; };
		BAE2B82C21AE339500F1B5E6 /* WebSocket.h */ = {isa = PBXFileReference; fileEncoding = 4; lastKnownFileType = sourcecode.c.h; path = WebSocket.h; sourceTree = "<group>"; };
		BAE2B82D21AE339500F1B5E6 /* WebSocket.m */ = {isa = PBXFileReference; fileEncoding = 4; lastKnownFileType = sourcecode.c.objc; path = WebSocket.m; sourceTree = "<group>"; };
		BAE2B8AF21AE7E7700F1B5E6 /* 0 */ = {isa = PBXFileReference; lastKnownFileType = file; path = 0; sourceTree = "<group>"; };
		C148C6E3686C676879327F1A /* libPods-AMDaliy.a */ = {isa = PBXFileReference; explicitFileType = archive.ar; includeInIndex = 0; path = "libPods-AMDaliy.a"; sourceTree = BUILT_PRODUCTS_DIR; };
		C9E8578F494E5C8273E79720 /* Pods-AMDaliy.release.xcconfig */ = {isa = PBXFileReference; includeInIndex = 1; lastKnownFileType = text.xcconfig; name = "Pods-AMDaliy.release.xcconfig"; path = "Pods/Target Support Files/Pods-AMDaliy/Pods-AMDaliy.release.xcconfig"; sourceTree = "<group>"; };
		FC727CBEC693D99098D9A16A /* Pods-AMDaliy.debug.xcconfig */ = {isa = PBXFileReference; includeInIndex = 1; lastKnownFileType = text.xcconfig; name = "Pods-AMDaliy.debug.xcconfig"; path = "Pods/Target Support Files/Pods-AMDaliy/Pods-AMDaliy.debug.xcconfig"; sourceTree = "<group>"; };
/* End PBXFileReference section */

/* Begin PBXFrameworksBuildPhase section */
		BAB2446D2043DE1F00C05E75 /* Frameworks */ = {
			isa = PBXFrameworksBuildPhase;
			buildActionMask = 2147483647;
			files = (
				BA2A8E0321A69CB700DD822F /* Security.framework in Frameworks */,
				7E93D2AEDCFE590B052ED55D /* libPods-AMDaliy.a in Frameworks */,
			);
			runOnlyForDeploymentPostprocessing = 0;
		};
/* End PBXFrameworksBuildPhase section */

/* Begin PBXGroup section */
		0547BFBF661AC0661C4C57A0 /* Pods */ = {
			isa = PBXGroup;
			children = (
				FC727CBEC693D99098D9A16A /* Pods-AMDaliy.debug.xcconfig */,
				C9E8578F494E5C8273E79720 /* Pods-AMDaliy.release.xcconfig */,
			);
			name = Pods;
			sourceTree = "<group>";
		};
		6C3EDC772114069A002DC635 /* AMExpand */ = {
			isa = PBXGroup;
			children = (
				BAE2B7F021AE339500F1B5E6 /* HTTPServer */,
				6C76C89A211AF06F00395ADC /* AMTools */,
				6C3EDCCF211848C1002DC635 /* AMMacro */,
				6C3EDCCB21184179002DC635 /* AMCatagory */,
				6C3EDCC721181E9F002DC635 /* AMBlurView */,
				6C3EDC782114069A002DC635 /* TZImagePickerController */,
			);
			path = AMExpand;
			sourceTree = "<group>";
		};
		6C3EDC782114069A002DC635 /* TZImagePickerController */ = {
			isa = PBXGroup;
			children = (
				6C3EDC792114069A002DC635 /* NSBundle+TZImagePicker.h */,
				6C3EDC7A2114069A002DC635 /* NSBundle+TZImagePicker.m */,
				6C3EDC7B2114069A002DC635 /* TZAssetCell.h */,
				6C3EDC7C2114069A002DC635 /* TZAssetCell.m */,
				6C3EDC7D2114069A002DC635 /* TZAssetModel.h */,
				6C3EDC7E2114069A002DC635 /* TZAssetModel.m */,
				6C3EDC7F2114069A002DC635 /* TZGifPhotoPreviewController.h */,
				6C3EDC802114069A002DC635 /* TZGifPhotoPreviewController.m */,
				6C3EDC812114069A002DC635 /* TZImageCropManager.h */,
				6C3EDC822114069A002DC635 /* TZImageCropManager.m */,
				6C3EDC832114069A002DC635 /* TZImageManager.h */,
				6C3EDC842114069A002DC635 /* TZImageManager.m */,
				6C3EDC852114069A002DC635 /* TZImagePickerController.bundle */,
				6C3EDC862114069A002DC635 /* TZImagePickerController.h */,
				6C3EDC872114069A002DC635 /* TZImagePickerController.m */,
				6C3EDC882114069A002DC635 /* TZLocationManager.h */,
				6C3EDC892114069A002DC635 /* TZLocationManager.m */,
				6C3EDC8A2114069A002DC635 /* TZPhotoPickerController.h */,
				6C3EDC8B2114069A002DC635 /* TZPhotoPickerController.m */,
				6C3EDC8C2114069A002DC635 /* TZPhotoPreviewCell.h */,
				6C3EDC8D2114069A002DC635 /* TZPhotoPreviewCell.m */,
				6C3EDC8E2114069A002DC635 /* TZPhotoPreviewController.h */,
				6C3EDC8F2114069A002DC635 /* TZPhotoPreviewController.m */,
				6C3EDC902114069A002DC635 /* TZProgressView.h */,
				6C3EDC912114069A002DC635 /* TZProgressView.m */,
				6C3EDC922114069A002DC635 /* TZVideoPlayerController.h */,
				6C3EDC932114069A002DC635 /* TZVideoPlayerController.m */,
				6C3EDC942114069B002DC635 /* UIView+Layout.h */,
				6C3EDC952114069B002DC635 /* UIView+Layout.m */,
			);
			path = TZImagePickerController;
			sourceTree = "<group>";
		};
		6C3EDC962114069B002DC635 /* AMModules */ = {
			isa = PBXGroup;
			children = (
				BA84499221D4C0B60051FB9B /* AMKeyboard */,
				BA2A8D9821A65F5F00DD822F /* AMHTTPServer */,
				6C3EDCBC2114503B002DC635 /* AMPlayerList */,
				6C3EDC972114069B002DC635 /* AMEnableBtn */,
				6C3EDC9A2114069B002DC635 /* AMFMDB */,
				6C3EDC9D2114069B002DC635 /* AMSelectImage */,
				6C3EDCA02114069B002DC635 /* AMWaterFall */,
			);
			path = AMModules;
			sourceTree = "<group>";
		};
		6C3EDC972114069B002DC635 /* AMEnableBtn */ = {
			isa = PBXGroup;
			children = (
				6C3EDC982114069B002DC635 /* AMLoginScene.h */,
				6C3EDC992114069B002DC635 /* AMLoginScene.m */,
				BA8449B121D632960051FB9B /* AMButton.h */,
				BA8449B221D632960051FB9B /* AMButton.m */,
				BAC04FA121DE1B89001ED35A /* AMEnableOneScene.h */,
				BAC04FA221DE1B89001ED35A /* AMEnableOneScene.m */,
				BAC04FA421DE1B99001ED35A /* AMEnableTwoScene.h */,
				BAC04FA521DE1B99001ED35A /* AMEnableTwoScene.m */,
				BAC04FA721DE1BA9001ED35A /* AMEnableThreeScene.h */,
				BAC04FA821DE1BA9001ED35A /* AMEnableThreeScene.m */,
			);
			path = AMEnableBtn;
			sourceTree = "<group>";
		};
		6C3EDC9A2114069B002DC635 /* AMFMDB */ = {
			isa = PBXGroup;
			children = (
				6C3EDC9B2114069B002DC635 /* AMFMDB.h */,
				6C3EDC9C2114069B002DC635 /* AMFMDB.m */,
			);
			path = AMFMDB;
			sourceTree = "<group>";
		};
		6C3EDC9D2114069B002DC635 /* AMSelectImage */ = {
			isa = PBXGroup;
			children = (
				6C3EDC9E2114069B002DC635 /* AMSelectImageScene.h */,
				6C3EDC9F2114069B002DC635 /* AMSelectImageScene.m */,
			);
			path = AMSelectImage;
			sourceTree = "<group>";
		};
		6C3EDCA02114069B002DC635 /* AMWaterFall */ = {
			isa = PBXGroup;
			children = (
				6C3EDCA12114069B002DC635 /* AMWaterFallCell.h */,
				6C3EDCA22114069B002DC635 /* AMWaterFallCell.m */,
				6C3EDCA32114069B002DC635 /* AMWaterFallScene.h */,
				6C3EDCA42114069B002DC635 /* AMWaterFallScene.m */,
				6C3EDCA52114069B002DC635 /* AMWaterFlowLayout.h */,
				6C3EDCA62114069B002DC635 /* AMWaterFlowLayout.m */,
			);
			path = AMWaterFall;
			sourceTree = "<group>";
		};
		6C3EDCBC2114503B002DC635 /* AMPlayerList */ = {
			isa = PBXGroup;
			children = (
				6C3EDCD121184A26002DC635 /* AMModel */,
				6C3EDCBD2114506E002DC635 /* AMPlayerListScene.h */,
				6C3EDCBE2114506E002DC635 /* AMPlayerListScene.m */,
				6C3EDCC0211461CD002DC635 /* AMPlayerCell.h */,
				6C3EDCC1211461CD002DC635 /* AMPlayerCell.m */,
			);
			path = AMPlayerList;
			sourceTree = "<group>";
		};
		6C3EDCC721181E9F002DC635 /* AMBlurView */ = {
			isa = PBXGroup;
			children = (
				6C3EDCC821181E9F002DC635 /* AMBlurView.h */,
				6C3EDCC921181E9F002DC635 /* AMBlurView.m */,
			);
			path = AMBlurView;
			sourceTree = "<group>";
		};
		6C3EDCCB21184179002DC635 /* AMCatagory */ = {
			isa = PBXGroup;
			children = (
				6C3EDCCC211841B1002DC635 /* UIImageView+AMImageView.h */,
				6C3EDCCD211841B1002DC635 /* UIImageView+AMImageView.m */,
			);
			path = AMCatagory;
			sourceTree = "<group>";
		};
		6C3EDCCF211848C1002DC635 /* AMMacro */ = {
			isa = PBXGroup;
			children = (
				6C76C8A1211C44A100395ADC /* AMHeader.pch */,
			);
			path = AMMacro;
			sourceTree = "<group>";
		};
		6C3EDCD121184A26002DC635 /* AMModel */ = {
			isa = PBXGroup;
			children = (
				6C3EDCD221184A3F002DC635 /* AMVideoModel.h */,
				6C3EDCD321184A3F002DC635 /* AMVideoModel.m */,
			);
			path = AMModel;
			sourceTree = "<group>";
		};
		6C76C89A211AF06F00395ADC /* AMTools */ = {
			isa = PBXGroup;
			children = (
				6C76C89F211C449500395ADC /* AMCreateFile.h */,
				6C76C89E211C449500395ADC /* AMCreateFile.m */,
			);
			path = AMTools;
			sourceTree = "<group>";
		};
		BA2A8D9821A65F5F00DD822F /* AMHTTPServer */ = {
			isa = PBXGroup;
			children = (
				BA2A8D9921A65FD700DD822F /* AMHttpScene.h */,
				BA2A8D9A21A65FD700DD822F /* AMHttpScene.m */,
				BA2A8DFC21A69A3C00DD822F /* AMHTTPConnection.h */,
				BA2A8DFD21A69A3C00DD822F /* AMHTTPConnection.m */,
				BA2A8DF721A68D3C00DD822F /* AMWebSocket.h */,
				BA2A8DF821A68D3C00DD822F /* AMWebSocket.m */,
			);
			path = AMHTTPServer;
			sourceTree = "<group>";
		};
		BA84499221D4C0B60051FB9B /* AMKeyboard */ = {
			isa = PBXGroup;
			children = (
				BA84499321D4C0DD0051FB9B /* AMNameTF.h */,
				BA84499421D4C0DD0051FB9B /* AMNameTF.m */,
			);
			path = AMKeyboard;
			sourceTree = "<group>";
		};
		BAB244672043DE1F00C05E75 = {
			isa = PBXGroup;
			children = (
				BAB244722043DE1F00C05E75 /* AMDaliy */,
				BAB244712043DE1F00C05E75 /* Products */,
				0547BFBF661AC0661C4C57A0 /* Pods */,
				CE208E8609EE7B4F31B5A7AB /* Frameworks */,
			);
			sourceTree = "<group>";
		};
		BAB244712043DE1F00C05E75 /* Products */ = {
			isa = PBXGroup;
			children = (
				BAB244702043DE1F00C05E75 /* AMDaliy.app */,
			);
			name = Products;
			sourceTree = "<group>";
		};
		BAB244722043DE1F00C05E75 /* AMDaliy */ = {
			isa = PBXGroup;
			children = (
				BAB244732043DE1F00C05E75 /* AppDelegate.h */,
				BAB244742043DE1F00C05E75 /* AppDelegate.m */,
				6C3EDC772114069A002DC635 /* AMExpand */,
				6C3EDC962114069B002DC635 /* AMModules */,
				BAB244762043DE1F00C05E75 /* ViewController.h */,
				BAB244772043DE1F00C05E75 /* ViewController.m */,
				BAE2B8AF21AE7E7700F1B5E6 /* 0 */,
				BA2A8E0421A6A00400DD822F /* Web */,
				BAB244792043DE1F00C05E75 /* Main.storyboard */,
				BAB2447C2043DE1F00C05E75 /* Assets.xcassets */,
				BA8449AF21D62F9D0051FB9B /* btc未点@1x.png */,
				BAB2447E2043DE1F00C05E75 /* LaunchScreen.storyboard */,
				BAB244812043DE1F00C05E75 /* Info.plist */,
				BAB244822043DE1F00C05E75 /* main.m */,
			);
			path = AMDaliy;
			sourceTree = "<group>";
		};
		BAE2B7F021AE339500F1B5E6 /* HTTPServer */ = {
			isa = PBXGroup;
			children = (
				BAE2B7F121AE339500F1B5E6 /* Categories */,
				BAE2B7F821AE339500F1B5E6 /* HTTPAuthenticationRequest.h */,
				BAE2B7F921AE339500F1B5E6 /* HTTPAuthenticationRequest.m */,
				BAE2B7FA21AE339500F1B5E6 /* HTTPConnection.h */,
				BAE2B7FB21AE339500F1B5E6 /* HTTPConnection.m */,
				BAE2B7FC21AE339500F1B5E6 /* HTTPLogging.h */,
				BAE2B7FD21AE339500F1B5E6 /* HTTPMessage.h */,
				BAE2B7FE21AE339500F1B5E6 /* HTTPMessage.m */,
				BAE2B7FF21AE339500F1B5E6 /* HTTPResponse.h */,
				BAE2B80021AE339500F1B5E6 /* HTTPServer.h */,
				BAE2B80121AE339500F1B5E6 /* HTTPServer.m */,
				BAE2B80221AE339500F1B5E6 /* Mime */,
				BAE2B80921AE339500F1B5E6 /* Responses */,
				BAE2B81621AE339500F1B5E6 /* Vendor */,
				BAE2B82C21AE339500F1B5E6 /* WebSocket.h */,
				BAE2B82D21AE339500F1B5E6 /* WebSocket.m */,
			);
			path = HTTPServer;
			sourceTree = "<group>";
		};
		BAE2B7F121AE339500F1B5E6 /* Categories */ = {
			isa = PBXGroup;
			children = (
				BAE2B7F221AE339500F1B5E6 /* DDData.h */,
				BAE2B7F321AE339500F1B5E6 /* DDData.m */,
				BAE2B7F421AE339500F1B5E6 /* DDNumber.h */,
				BAE2B7F521AE339500F1B5E6 /* DDNumber.m */,
				BAE2B7F621AE339500F1B5E6 /* DDRange.h */,
				BAE2B7F721AE339500F1B5E6 /* DDRange.m */,
			);
			path = Categories;
			sourceTree = "<group>";
		};
		BAE2B80221AE339500F1B5E6 /* Mime */ = {
			isa = PBXGroup;
			children = (
				BAE2B80321AE339500F1B5E6 /* MultipartFormDataParser.h */,
				BAE2B80421AE339500F1B5E6 /* MultipartFormDataParser.m */,
				BAE2B80521AE339500F1B5E6 /* MultipartMessageHeader.h */,
				BAE2B80621AE339500F1B5E6 /* MultipartMessageHeader.m */,
				BAE2B80721AE339500F1B5E6 /* MultipartMessageHeaderField.h */,
				BAE2B80821AE339500F1B5E6 /* MultipartMessageHeaderField.m */,
			);
			path = Mime;
			sourceTree = "<group>";
		};
		BAE2B80921AE339500F1B5E6 /* Responses */ = {
			isa = PBXGroup;
			children = (
				BAE2B80A21AE339500F1B5E6 /* HTTPAsyncFileResponse.h */,
				BAE2B80B21AE339500F1B5E6 /* HTTPAsyncFileResponse.m */,
				BAE2B80C21AE339500F1B5E6 /* HTTPDataResponse.h */,
				BAE2B80D21AE339500F1B5E6 /* HTTPDataResponse.m */,
				BAE2B80E21AE339500F1B5E6 /* HTTPDynamicFileResponse.h */,
				BAE2B80F21AE339500F1B5E6 /* HTTPDynamicFileResponse.m */,
				BAE2B81021AE339500F1B5E6 /* HTTPErrorResponse.h */,
				BAE2B81121AE339500F1B5E6 /* HTTPErrorResponse.m */,
				BAE2B81221AE339500F1B5E6 /* HTTPFileResponse.h */,
				BAE2B81321AE339500F1B5E6 /* HTTPFileResponse.m */,
				BAE2B81421AE339500F1B5E6 /* HTTPRedirectResponse.h */,
				BAE2B81521AE339500F1B5E6 /* HTTPRedirectResponse.m */,
			);
			path = Responses;
			sourceTree = "<group>";
		};
		BAE2B81621AE339500F1B5E6 /* Vendor */ = {
			isa = PBXGroup;
			children = (
				BAE2B81721AE339500F1B5E6 /* CocoaAsyncSocket */,
				BAE2B81B21AE339500F1B5E6 /* CocoaLumberjack */,
			);
			path = Vendor;
			sourceTree = "<group>";
		};
		BAE2B81721AE339500F1B5E6 /* CocoaAsyncSocket */ = {
			isa = PBXGroup;
			children = (
				BAE2B81821AE339500F1B5E6 /* About.txt */,
				BAE2B81921AE339500F1B5E6 /* GCDAsyncSocket.h */,
				BAE2B81A21AE339500F1B5E6 /* GCDAsyncSocket.m */,
			);
			path = CocoaAsyncSocket;
			sourceTree = "<group>";
		};
		BAE2B81B21AE339500F1B5E6 /* CocoaLumberjack */ = {
			isa = PBXGroup;
			children = (
				BAE2B81C21AE339500F1B5E6 /* DDAbstractDatabaseLogger.h */,
				BAE2B81D21AE339500F1B5E6 /* DDAbstractDatabaseLogger.m */,
				BAE2B81E21AE339500F1B5E6 /* DDASLLogger.h */,
				BAE2B81F21AE339500F1B5E6 /* DDASLLogger.m */,
				BAE2B82021AE339500F1B5E6 /* DDFileLogger.h */,
				BAE2B82121AE339500F1B5E6 /* DDFileLogger.m */,
				BAE2B82221AE339500F1B5E6 /* DDLog.h */,
				BAE2B82321AE339500F1B5E6 /* DDLog.m */,
				BAE2B82421AE339500F1B5E6 /* DDTTYLogger.h */,
				BAE2B82521AE339500F1B5E6 /* DDTTYLogger.m */,
				BAE2B82621AE339500F1B5E6 /* Extensions */,
			);
			path = CocoaLumberjack;
			sourceTree = "<group>";
		};
		BAE2B82621AE339500F1B5E6 /* Extensions */ = {
			isa = PBXGroup;
			children = (
				BAE2B82721AE339500F1B5E6 /* ContextFilterLogFormatter.h */,
				BAE2B82821AE339500F1B5E6 /* ContextFilterLogFormatter.m */,
				BAE2B82921AE339500F1B5E6 /* DispatchQueueLogFormatter.h */,
				BAE2B82A21AE339500F1B5E6 /* DispatchQueueLogFormatter.m */,
				BAE2B82B21AE339500F1B5E6 /* README.txt */,
			);
			path = Extensions;
			sourceTree = "<group>";
		};
		CE208E8609EE7B4F31B5A7AB /* Frameworks */ = {
			isa = PBXGroup;
			children = (
				BA2A8E0221A69CB700DD822F /* Security.framework */,
				C148C6E3686C676879327F1A /* libPods-AMDaliy.a */,
			);
			name = Frameworks;
			sourceTree = "<group>";
		};
/* End PBXGroup section */

/* Begin PBXNativeTarget section */
		BAB2446F2043DE1F00C05E75 /* AMDaliy */ = {
			isa = PBXNativeTarget;
			buildConfigurationList = BAB244862043DE1F00C05E75 /* Build configuration list for PBXNativeTarget "AMDaliy" */;
			buildPhases = (
				5C179897B72791710AEF1747 /* [CP] Check Pods Manifest.lock */,
				BAB2446C2043DE1F00C05E75 /* Sources */,
				BAB2446D2043DE1F00C05E75 /* Frameworks */,
				BAB2446E2043DE1F00C05E75 /* Resources */,
				FACB24C64B672EBF3A18216E /* [CP] Copy Pods Resources */,
				BA8449A721D4D6990051FB9B /* Embed App Extensions */,
			);
			buildRules = (
			);
			dependencies = (
			);
			name = AMDaliy;
			productName = AMDaliy;
			productReference = BAB244702043DE1F00C05E75 /* AMDaliy.app */;
			productType = "com.apple.product-type.application";
		};
/* End PBXNativeTarget section */

/* Begin PBXProject section */
		BAB244682043DE1F00C05E75 /* Project object */ = {
			isa = PBXProject;
			attributes = {
				CLASSPREFIX = AM;
				LastUpgradeCheck = 0920;
				ORGANIZATIONNAME = limingming;
				TargetAttributes = {
					BAB2446F2043DE1F00C05E75 = {
						CreatedOnToolsVersion = 9.2;
						ProvisioningStyle = Automatic;
					};
				};
			};
			buildConfigurationList = BAB2446B2043DE1F00C05E75 /* Build configuration list for PBXProject "AMDaliy" */;
			compatibilityVersion = "Xcode 8.0";
			developmentRegion = en;
			hasScannedForEncodings = 0;
			knownRegions = (
				en,
				Base,
			);
			mainGroup = BAB244672043DE1F00C05E75;
			productRefGroup = BAB244712043DE1F00C05E75 /* Products */;
			projectDirPath = "";
			projectRoot = "";
			targets = (
				BAB2446F2043DE1F00C05E75 /* AMDaliy */,
			);
		};
/* End PBXProject section */

/* Begin PBXResourcesBuildPhase section */
		BAB2446E2043DE1F00C05E75 /* Resources */ = {
			isa = PBXResourcesBuildPhase;
			buildActionMask = 2147483647;
			files = (
				BAE2B83E21AE339500F1B5E6 /* About.txt in Resources */,
				BAB244802043DE1F00C05E75 /* LaunchScreen.storyboard in Resources */,
				6C3EDCAD2114069B002DC635 /* TZImagePickerController.bundle in Resources */,
				BAB2447D2043DE1F00C05E75 /* Assets.xcassets in Resources */,
				BA8449B021D62F9D0051FB9B /* btc未点@1x.png in Resources */,
				BAB2447B2043DE1F00C05E75 /* Main.storyboard in Resources */,
				BAE2B84721AE339500F1B5E6 /* README.txt in Resources */,
				BA2A8E0521A6A00500DD822F /* Web in Resources */,
			);
			runOnlyForDeploymentPostprocessing = 0;
		};
/* End PBXResourcesBuildPhase section */

/* Begin PBXShellScriptBuildPhase section */
		5C179897B72791710AEF1747 /* [CP] Check Pods Manifest.lock */ = {
			isa = PBXShellScriptBuildPhase;
			buildActionMask = 2147483647;
			files = (
			);
			inputPaths = (
				"${PODS_PODFILE_DIR_PATH}/Podfile.lock",
				"${PODS_ROOT}/Manifest.lock",
			);
			name = "[CP] Check Pods Manifest.lock";
			outputPaths = (
				"$(DERIVED_FILE_DIR)/Pods-AMDaliy-checkManifestLockResult.txt",
			);
			runOnlyForDeploymentPostprocessing = 0;
			shellPath = /bin/sh;
			shellScript = "diff \"${PODS_PODFILE_DIR_PATH}/Podfile.lock\" \"${PODS_ROOT}/Manifest.lock\" > /dev/null\nif [ $? != 0 ] ; then\n    # print error to STDERR\n    echo \"error: The sandbox is not in sync with the Podfile.lock. Run 'pod install' or update your CocoaPods installation.\" >&2\n    exit 1\nfi\n# This output is used by Xcode 'outputs' to avoid re-running this script phase.\necho \"SUCCESS\" > \"${SCRIPT_OUTPUT_FILE_0}\"\n";
			showEnvVarsInLog = 0;
		};
		FACB24C64B672EBF3A18216E /* [CP] Copy Pods Resources */ = {
			isa = PBXShellScriptBuildPhase;
			buildActionMask = 2147483647;
			files = (
			);
			inputPaths = (
				"${SRCROOT}/Pods/Target Support Files/Pods-AMDaliy/Pods-AMDaliy-resources.sh",
				"${PODS_ROOT}/ZFPlayer/ZFPlayer/Classes/ControlView/ZFPlayer.bundle",
			);
			name = "[CP] Copy Pods Resources";
			outputPaths = (
				"${TARGET_BUILD_DIR}/${UNLOCALIZED_RESOURCES_FOLDER_PATH}/ZFPlayer.bundle",
			);
			runOnlyForDeploymentPostprocessing = 0;
			shellPath = /bin/sh;
			shellScript = "\"${SRCROOT}/Pods/Target Support Files/Pods-AMDaliy/Pods-AMDaliy-resources.sh\"\n";
			showEnvVarsInLog = 0;
		};
/* End PBXShellScriptBuildPhase section */

/* Begin PBXSourcesBuildPhase section */
		BAB2446C2043DE1F00C05E75 /* Sources */ = {
			isa = PBXSourcesBuildPhase;
			buildActionMask = 2147483647;
			files = (
				6C3EDCBB2114069B002DC635 /* AMWaterFlowLayout.m in Sources */,
				BAE2B84221AE339500F1B5E6 /* DDFileLogger.m in Sources */,
				BAE2B83621AE339500F1B5E6 /* MultipartMessageHeader.m in Sources */,
				BAE2B83D21AE339500F1B5E6 /* HTTPRedirectResponse.m in Sources */,
				BAE2B83921AE339500F1B5E6 /* HTTPDataResponse.m in Sources */,
				BAE2B83221AE339500F1B5E6 /* HTTPConnection.m in Sources */,
				BAC04FA621DE1B99001ED35A /* AMEnableTwoScene.m in Sources */,
				6C3EDCCA21181EA0002DC635 /* AMBlurView.m in Sources */,
				6C3EDCA92114069B002DC635 /* TZAssetModel.m in Sources */,
				BAE2B83121AE339500F1B5E6 /* HTTPAuthenticationRequest.m in Sources */,
				6C3EDCBA2114069B002DC635 /* AMWaterFallScene.m in Sources */,
				6C3EDCB22114069B002DC635 /* TZPhotoPreviewController.m in Sources */,
				BAE2B84821AE339500F1B5E6 /* WebSocket.m in Sources */,
				6C3EDCB82114069B002DC635 /* AMSelectImageScene.m in Sources */,
				BAE2B84121AE339500F1B5E6 /* DDASLLogger.m in Sources */,
				BA2A8D9B21A65FD700DD822F /* AMHttpScene.m in Sources */,
				BAE2B83521AE339500F1B5E6 /* MultipartFormDataParser.m in Sources */,
				BA2A8DFE21A69A3C00DD822F /* AMHTTPConnection.m in Sources */,
				BAE2B84021AE339500F1B5E6 /* DDAbstractDatabaseLogger.m in Sources */,
				BA84499521D4C0DD0051FB9B /* AMNameTF.m in Sources */,
				6C3EDCCE211841B1002DC635 /* UIImageView+AMImageView.m in Sources */,
				6C3EDCB32114069B002DC635 /* TZProgressView.m in Sources */,
				6C3EDCA72114069B002DC635 /* NSBundle+TZImagePicker.m in Sources */,
				6C3EDCB92114069B002DC635 /* AMWaterFallCell.m in Sources */,
				BAE2B83A21AE339500F1B5E6 /* HTTPDynamicFileResponse.m in Sources */,
				BAE2B82F21AE339500F1B5E6 /* DDNumber.m in Sources */,
				BAE2B83321AE339500F1B5E6 /* HTTPMessage.m in Sources */,
				BAE2B83C21AE339500F1B5E6 /* HTTPFileResponse.m in Sources */,
				BAE2B84621AE339500F1B5E6 /* DispatchQueueLogFormatter.m in Sources */,
				6C3EDCA82114069B002DC635 /* TZAssetCell.m in Sources */,
				BAB244782043DE1F00C05E75 /* ViewController.m in Sources */,
				6C3EDCAC2114069B002DC635 /* TZImageManager.m in Sources */,
				BAE2B84521AE339500F1B5E6 /* ContextFilterLogFormatter.m in Sources */,
				BAB244832043DE1F00C05E75 /* main.m in Sources */,
				BAE2B83721AE339500F1B5E6 /* MultipartMessageHeaderField.m in Sources */,
				BAE2B83B21AE339500F1B5E6 /* HTTPErrorResponse.m in Sources */,
				6C3EDCB52114069B002DC635 /* UIView+Layout.m in Sources */,
				BAE2B83421AE339500F1B5E6 /* HTTPServer.m in Sources */,
				6C3EDCD421184A3F002DC635 /* AMVideoModel.m in Sources */,
				BAE2B84321AE339500F1B5E6 /* DDLog.m in Sources */,
				BAE2B82E21AE339500F1B5E6 /* DDData.m in Sources */,
				6C3EDCB02114069B002DC635 /* TZPhotoPickerController.m in Sources */,
				6C3EDCAA2114069B002DC635 /* TZGifPhotoPreviewController.m in Sources */,
				BA2A8DF921A68D3C00DD822F /* AMWebSocket.m in Sources */,
				BAE2B84421AE339500F1B5E6 /* DDTTYLogger.m in Sources */,
				6C3EDCB42114069B002DC635 /* TZVideoPlayerController.m in Sources */,
				BAB244752043DE1F00C05E75 /* AppDelegate.m in Sources */,
				6C3EDCAF2114069B002DC635 /* TZLocationManager.m in Sources */,
				6C3EDCB72114069B002DC635 /* AMFMDB.m in Sources */,
				6C76C8A0211C449500395ADC /* AMCreateFile.m in Sources */,
				BAE2B83F21AE339500F1B5E6 /* GCDAsyncSocket.m in Sources */,
				BAC04FA321DE1B89001ED35A /* AMEnableOneScene.m in Sources */,
				6C3EDCBF2114506E002DC635 /* AMPlayerListScene.m in Sources */,
				BA8449B321D632960051FB9B /* AMButton.m in Sources */,
				6C3EDCB62114069B002DC635 /* AMLoginScene.m in Sources */,
				BAE2B83021AE339500F1B5E6 /* DDRange.m in Sources */,
				6C3EDCAB2114069B002DC635 /* TZImageCropManager.m in Sources */,
				6C3EDCAE2114069B002DC635 /* TZImagePickerController.m in Sources */,
				BAC04FA921DE1BA9001ED35A /* AMEnableThreeScene.m in Sources */,
				6C3EDCC2211461CD002DC635 /* AMPlayerCell.m in Sources */,
				BAE2B83821AE339500F1B5E6 /* HTTPAsyncFileResponse.m in Sources */,
				6C3EDCB12114069B002DC635 /* TZPhotoPreviewCell.m in Sources */,
			);
			runOnlyForDeploymentPostprocessing = 0;
		};
/* End PBXSourcesBuildPhase section */

/* Begin PBXVariantGroup section */
		BAB244792043DE1F00C05E75 /* Main.storyboard */ = {
			isa = PBXVariantGroup;
			children = (
				BAB2447A2043DE1F00C05E75 /* Base */,
			);
			name = Main.storyboard;
			sourceTree = "<group>";
		};
		BAB2447E2043DE1F00C05E75 /* LaunchScreen.storyboard */ = {
			isa = PBXVariantGroup;
			children = (
				BAB2447F2043DE1F00C05E75 /* Base */,
			);
			name = LaunchScreen.storyboard;
			sourceTree = "<group>";
		};
/* End PBXVariantGroup section */

/* Begin XCBuildConfiguration section */
		BAB244842043DE1F00C05E75 /* Debug */ = {
			isa = XCBuildConfiguration;
			buildSettings = {
				ALWAYS_SEARCH_USER_PATHS = NO;
				CLANG_ANALYZER_NONNULL = YES;
				CLANG_ANALYZER_NUMBER_OBJECT_CONVERSION = YES_AGGRESSIVE;
				CLANG_CXX_LANGUAGE_STANDARD = "gnu++14";
				CLANG_CXX_LIBRARY = "libc++";
				CLANG_ENABLE_MODULES = YES;
				CLANG_ENABLE_OBJC_ARC = YES;
				CLANG_WARN_BLOCK_CAPTURE_AUTORELEASING = YES;
				CLANG_WARN_BOOL_CONVERSION = YES;
				CLANG_WARN_COMMA = YES;
				CLANG_WARN_CONSTANT_CONVERSION = YES;
				CLANG_WARN_DIRECT_OBJC_ISA_USAGE = YES_ERROR;
				CLANG_WARN_DOCUMENTATION_COMMENTS = YES;
				CLANG_WARN_EMPTY_BODY = YES;
				CLANG_WARN_ENUM_CONVERSION = YES;
				CLANG_WARN_INFINITE_RECURSION = YES;
				CLANG_WARN_INT_CONVERSION = YES;
				CLANG_WARN_NON_LITERAL_NULL_CONVERSION = YES;
				CLANG_WARN_OBJC_LITERAL_CONVERSION = YES;
				CLANG_WARN_OBJC_ROOT_CLASS = YES_ERROR;
				CLANG_WARN_RANGE_LOOP_ANALYSIS = YES;
				CLANG_WARN_STRICT_PROTOTYPES = YES;
				CLANG_WARN_SUSPICIOUS_MOVE = YES;
				CLANG_WARN_UNGUARDED_AVAILABILITY = YES_AGGRESSIVE;
				CLANG_WARN_UNREACHABLE_CODE = YES;
				CLANG_WARN__DUPLICATE_METHOD_MATCH = YES;
				CODE_SIGN_IDENTITY = "iPhone Developer";
				COPY_PHASE_STRIP = NO;
				DEBUG_INFORMATION_FORMAT = dwarf;
				ENABLE_STRICT_OBJC_MSGSEND = YES;
				ENABLE_TESTABILITY = YES;
				GCC_C_LANGUAGE_STANDARD = gnu11;
				GCC_DYNAMIC_NO_PIC = NO;
				GCC_NO_COMMON_BLOCKS = YES;
				GCC_OPTIMIZATION_LEVEL = 0;
				GCC_PREPROCESSOR_DEFINITIONS = (
					"DEBUG=1",
					"$(inherited)",
				);
				GCC_WARN_64_TO_32_BIT_CONVERSION = YES;
				GCC_WARN_ABOUT_RETURN_TYPE = YES_ERROR;
				GCC_WARN_UNDECLARED_SELECTOR = YES;
				GCC_WARN_UNINITIALIZED_AUTOS = YES_AGGRESSIVE;
				GCC_WARN_UNUSED_FUNCTION = YES;
				GCC_WARN_UNUSED_VARIABLE = YES;
				IPHONEOS_DEPLOYMENT_TARGET = 9.0;
				MTL_ENABLE_DEBUG_INFO = YES;
				ONLY_ACTIVE_ARCH = YES;
				SDKROOT = iphoneos;
			};
			name = Debug;
		};
		BAB244852043DE1F00C05E75 /* Release */ = {
			isa = XCBuildConfiguration;
			buildSettings = {
				ALWAYS_SEARCH_USER_PATHS = NO;
				CLANG_ANALYZER_NONNULL = YES;
				CLANG_ANALYZER_NUMBER_OBJECT_CONVERSION = YES_AGGRESSIVE;
				CLANG_CXX_LANGUAGE_STANDARD = "gnu++14";
				CLANG_CXX_LIBRARY = "libc++";
				CLANG_ENABLE_MODULES = YES;
				CLANG_ENABLE_OBJC_ARC = YES;
				CLANG_WARN_BLOCK_CAPTURE_AUTORELEASING = YES;
				CLANG_WARN_BOOL_CONVERSION = YES;
				CLANG_WARN_COMMA = YES;
				CLANG_WARN_CONSTANT_CONVERSION = YES;
				CLANG_WARN_DIRECT_OBJC_ISA_USAGE = YES_ERROR;
				CLANG_WARN_DOCUMENTATION_COMMENTS = YES;
				CLANG_WARN_EMPTY_BODY = YES;
				CLANG_WARN_ENUM_CONVERSION = YES;
				CLANG_WARN_INFINITE_RECURSION = YES;
				CLANG_WARN_INT_CONVERSION = YES;
				CLANG_WARN_NON_LITERAL_NULL_CONVERSION = YES;
				CLANG_WARN_OBJC_LITERAL_CONVERSION = YES;
				CLANG_WARN_OBJC_ROOT_CLASS = YES_ERROR;
				CLANG_WARN_RANGE_LOOP_ANALYSIS = YES;
				CLANG_WARN_STRICT_PROTOTYPES = YES;
				CLANG_WARN_SUSPICIOUS_MOVE = YES;
				CLANG_WARN_UNGUARDED_AVAILABILITY = YES_AGGRESSIVE;
				CLANG_WARN_UNREACHABLE_CODE = YES;
				CLANG_WARN__DUPLICATE_METHOD_MATCH = YES;
				CODE_SIGN_IDENTITY = "iPhone Developer";
				COPY_PHASE_STRIP = NO;
				DEBUG_INFORMATION_FORMAT = "dwarf-with-dsym";
				ENABLE_NS_ASSERTIONS = NO;
				ENABLE_STRICT_OBJC_MSGSEND = YES;
				GCC_C_LANGUAGE_STANDARD = gnu11;
				GCC_NO_COMMON_BLOCKS = YES;
				GCC_WARN_64_TO_32_BIT_CONVERSION = YES;
				GCC_WARN_ABOUT_RETURN_TYPE = YES_ERROR;
				GCC_WARN_UNDECLARED_SELECTOR = YES;
				GCC_WARN_UNINITIALIZED_AUTOS = YES_AGGRESSIVE;
				GCC_WARN_UNUSED_FUNCTION = YES;
				GCC_WARN_UNUSED_VARIABLE = YES;
				IPHONEOS_DEPLOYMENT_TARGET = 9.0;
				MTL_ENABLE_DEBUG_INFO = NO;
				SDKROOT = iphoneos;
				VALIDATE_PRODUCT = YES;
			};
			name = Release;
		};
		BAB244872043DE1F00C05E75 /* Debug */ = {
			isa = XCBuildConfiguration;
			baseConfigurationReference = FC727CBEC693D99098D9A16A /* Pods-AMDaliy.debug.xcconfig */;
			buildSettings = {
				ASSETCATALOG_COMPILER_APPICON_NAME = AppIcon;
				CODE_SIGN_STYLE = Automatic;
				DEVELOPMENT_TEAM = QXFW36UK36;
				GCC_PREFIX_HEADER = "$(SRCROOT)/AMDaliy/AMExpand/AMMacro/AMHeader.pch";
				INFOPLIST_FILE = AMDaliy/Info.plist;
				IPHONEOS_DEPLOYMENT_TARGET = 8.0;
				LD_RUNPATH_SEARCH_PATHS = "$(inherited) @executable_path/Frameworks";
				PRODUCT_BUNDLE_IDENTIFIER = com.xiaoming.AMDaliy;
				PRODUCT_NAME = "$(TARGET_NAME)";
				TARGETED_DEVICE_FAMILY = "1,2";
			};
			name = Debug;
		};
		BAB244882043DE1F00C05E75 /* Release */ = {
			isa = XCBuildConfiguration;
			baseConfigurationReference = C9E8578F494E5C8273E79720 /* Pods-AMDaliy.release.xcconfig */;
			buildSettings = {
				ASSETCATALOG_COMPILER_APPICON_NAME = AppIcon;
				CODE_SIGN_STYLE = Automatic;
				DEVELOPMENT_TEAM = QXFW36UK36;
				GCC_PREFIX_HEADER = "$(SRCROOT)/AMDaliy/AMExpand/AMMacro/AMHeader.pch";
				INFOPLIST_FILE = AMDaliy/Info.plist;
				IPHONEOS_DEPLOYMENT_TARGET = 8.0;
				LD_RUNPATH_SEARCH_PATHS = "$(inherited) @executable_path/Frameworks";
				PRODUCT_BUNDLE_IDENTIFIER = com.xiaoming.AMDaliy;
				PRODUCT_NAME = "$(TARGET_NAME)";
				TARGETED_DEVICE_FAMILY = "1,2";
			};
			name = Release;
		};
/* End XCBuildConfiguration section */

/* Begin XCConfigurationList section */
		BAB2446B2043DE1F00C05E75 /* Build configuration list for PBXProject "AMDaliy" */ = {
			isa = XCConfigurationList;
			buildConfigurations = (
				BAB244842043DE1F00C05E75 /* Debug */,
				BAB244852043DE1F00C05E75 /* Release */,
			);
			defaultConfigurationIsVisible = 0;
			defaultConfigurationName = Release;
		};
		BAB244862043DE1F00C05E75 /* Build configuration list for PBXNativeTarget "AMDaliy" */ = {
			isa = XCConfigurationList;
			buildConfigurations = (
				BAB244872043DE1F00C05E75 /* Debug */,
				BAB244882043DE1F00C05E75 /* Release */,
			);
			defaultConfigurationIsVisible = 0;
			defaultConfigurationName = Release;
		};
/* End XCConfigurationList section */
	};
	rootObject = BAB244682043DE1F00C05E75 /* Project object */;
}
